github.com/edervs/Modules-in-Go/submodule v1.0.0 h1:t6pLp1Wm6SSWezyCz6EukaU7K4ZWYHWXDMIhwFOOenM=
github.com/edervs/Modules-in-Go/submodule v1.0.0/go.mod h1:l0C/OIxPDvqvL4GvonZ8cv8OO20cF/kHJCL5gOyEne4=
github.com/edervs/Modules-in-Go/submodule v1.0.1 h1:7ab7kJ4urBCHnw52xF6laPTvlmLFAeGyK9zr3KVGLr8=
github.com/edervs/Modules-in-Go/submodule v1.0.1/go.mod h1:l0C/OIxPDvqvL4GvonZ8cv8OO20cF/kHJCL5gOyEne4=
github.com/edervs/Modules-in-Go/submodule/v2 v2.0.0 h1:v3T2UCyktRibMlZ9hmXllAKlZfH0AVHmI1zlnMVlJ4M=
github.com/edervs/Modules-in-Go/submodule/v2 v2.0.0/go.mod h1:1XXP2Zv9vHcgwuOrjPx7m9H/c/lbcYTAfsSQclB+oZc=
